
Microsoft Visual Studio Solution File, Format Version 11.00
# Visual Studio 2010
Project("{FAE04EC0-301F-11D3-BF4B-00C04F79EFBC}") = "SpaceShooterUnity", "Assembly-CSharp-firstpass.csproj", "{78F8E0A3-4F56-1CB4-DB95-00D45C7795E3}"
EndProject
Project("{FAE04EC0-301F-11D3-BF4B-00C04F79EFBC}") = "SpaceShooterUnity", "Assembly-CSharp.csproj", "{FE7499F3-E29F-E9DA-4ECF-0871E9EA40CD}"
EndProject
Project("{FAE04EC0-301F-11D3-BF4B-00C04F79EFBC}") = "SpaceShooterUnity", "Assembly-CSharp-Editor-firstpass.csproj", "{0D95674A-D22F-4492-1021-731CAF45441A}"
EndProject
Global
	GlobalSection(SolutionConfigurationPlatforms) = preSolution
		Debug|Any CPU = Debug|Any CPU
		Release|Any CPU = Release|Any CPU
	EndGlobalSection
	GlobalSection(ProjectConfigurationPlatforms) = postSolution
		{78F8E0A3-4F56-1CB4-DB95-00D45C7795E3}.Debug|Any CPU.ActiveCfg = Debug|Any CPU
		{78F8E0A3-4F56-1CB4-DB95-00D45C7795E3}.Debug|Any CPU.Build.0 = Debug|Any CPU
		{78F8E0A3-4F56-1CB4-DB95-00D45C7795E3}.Release|Any CPU.ActiveCfg = Release|Any CPU
		{78F8E0A3-4F56-1CB4-DB95-00D45C7795E3}.Release|Any CPU.Build.0 = Release|Any CPU
		{FE7499F3-E29F-E9DA-4ECF-0871E9EA40CD}.Debug|Any CPU.ActiveCfg = Debug|Any CPU
		{FE7499F3-E29F-E9DA-4ECF-0871E9EA40CD}.Debug|Any CPU.Build.0 = Debug|Any CPU
		{FE7499F3-E29F-E9DA-4ECF-0871E9EA40CD}.Release|Any CPU.ActiveCfg = Release|Any CPU
		{FE7499F3-E29F-E9DA-4ECF-0871E9EA40CD}.Release|Any CPU.Build.0 = Release|Any CPU
		{0D95674A-D22F-4492-1021-731CAF45441A}.Debug|Any CPU.ActiveCfg = Debug|Any CPU
		{0D95674A-D22F-4492-1021-731CAF45441A}.Debug|Any CPU.Build.0 = Debug|Any CPU
		{0D95674A-D22F-4492-1021-731CAF45441A}.Release|Any CPU.ActiveCfg = Release|Any CPU
		{0D95674A-D22F-4492-1021-731CAF45441A}.Release|Any CPU.Build.0 = Release|Any CPU
	EndGlobalSection
	GlobalSection(SolutionProperties) = preSolution
		HideSolutionNode = FALSE
	EndGlobalSection
	GlobalSection(MonoDevelopProperties) = preSolution
		StartupItem = Assembly-CSharp.csproj
	EndGlobalSection
EndGlobal
