
Microsoft Visual Studio Solution File, Format Version 11.00
# Visual Studio 2010
Project("{FAE04EC0-301F-11D3-BF4B-00C04F79EFBC}") = "Space Crawl", "Assembly-CSharp-firstpass.csproj", "{C697F8DC-E1E8-A8FE-5D9E-80C5837B2083}"
EndProject
Project("{FAE04EC0-301F-11D3-BF4B-00C04F79EFBC}") = "Space Crawl", "Assembly-CSharp.csproj", "{8F99E09F-8F1E-FEE7-CA69-97B5FFFFC4BD}"
EndProject
Project("{FAE04EC0-301F-11D3-BF4B-00C04F79EFBC}") = "Space Crawl", "Assembly-CSharp-Editor-firstpass.csproj", "{D701971C-BAB5-0398-605A-49D66AA87C67}"
EndProject
Global
	GlobalSection(SolutionConfigurationPlatforms) = preSolution
		Debug|Any CPU = Debug|Any CPU
		Release|Any CPU = Release|Any CPU
	EndGlobalSection
	GlobalSection(ProjectConfigurationPlatforms) = postSolution
		{C697F8DC-E1E8-A8FE-5D9E-80C5837B2083}.Debug|Any CPU.ActiveCfg = Debug|Any CPU
		{C697F8DC-E1E8-A8FE-5D9E-80C5837B2083}.Debug|Any CPU.Build.0 = Debug|Any CPU
		{C697F8DC-E1E8-A8FE-5D9E-80C5837B2083}.Release|Any CPU.ActiveCfg = Release|Any CPU
		{C697F8DC-E1E8-A8FE-5D9E-80C5837B2083}.Release|Any CPU.Build.0 = Release|Any CPU
		{8F99E09F-8F1E-FEE7-CA69-97B5FFFFC4BD}.Debug|Any CPU.ActiveCfg = Debug|Any CPU
		{8F99E09F-8F1E-FEE7-CA69-97B5FFFFC4BD}.Debug|Any CPU.Build.0 = Debug|Any CPU
		{8F99E09F-8F1E-FEE7-CA69-97B5FFFFC4BD}.Release|Any CPU.ActiveCfg = Release|Any CPU
		{8F99E09F-8F1E-FEE7-CA69-97B5FFFFC4BD}.Release|Any CPU.Build.0 = Release|Any CPU
		{D701971C-BAB5-0398-605A-49D66AA87C67}.Debug|Any CPU.ActiveCfg = Debug|Any CPU
		{D701971C-BAB5-0398-605A-49D66AA87C67}.Debug|Any CPU.Build.0 = Debug|Any CPU
		{D701971C-BAB5-0398-605A-49D66AA87C67}.Release|Any CPU.ActiveCfg = Release|Any CPU
		{D701971C-BAB5-0398-605A-49D66AA87C67}.Release|Any CPU.Build.0 = Release|Any CPU
	EndGlobalSection
	GlobalSection(SolutionProperties) = preSolution
		HideSolutionNode = FALSE
	EndGlobalSection
	GlobalSection(MonoDevelopProperties) = preSolution
		StartupItem = Assembly-CSharp.csproj
	EndGlobalSection
EndGlobal
